
Microsoft Visual Studio Solution File, Format Version 12.00
# Visual Studio Version 17
VisualStudioVersion = 17.14.36414.22 d17.14
MinimumVisualStudioVersion = 10.0.40219.1
Project("{FAE04EC0-301F-11D3-BF4B-00C04F79EFBC}") = "Client", "OfficeSensor\Client.csproj", "{DE0D75CE-294C-4D4C-B1F0-6B547586ADCD}"
EndProject
Project("{FAE04EC0-301F-11D3-BF4B-00C04F79EFBC}") = "Service", "Service\Service.csproj", "{3472F897-C8F0-44B7-83D3-C3937C237743}"
EndProject
Project("{FAE04EC0-301F-11D3-BF4B-00C04F79EFBC}") = "Common", "Common\Common.csproj", "{BB628637-9227-42FA-92C4-3897219DB527}"
EndProject
Global
	GlobalSection(SolutionConfigurationPlatforms) = preSolution
		Debug|Any CPU = Debug|Any CPU
		Release|Any CPU = Release|Any CPU
	EndGlobalSection
	GlobalSection(ProjectConfigurationPlatforms) = postSolution
		{DE0D75CE-294C-4D4C-B1F0-6B547586ADCD}.Debug|Any CPU.ActiveCfg = Debug|Any CPU
		{DE0D75CE-294C-4D4C-B1F0-6B547586ADCD}.Debug|Any CPU.Build.0 = Debug|Any CPU
		{DE0D75CE-294C-4D4C-B1F0-6B547586ADCD}.Release|Any CPU.ActiveCfg = Release|Any CPU
		{DE0D75CE-294C-4D4C-B1F0-6B547586ADCD}.Release|Any CPU.Build.0 = Release|Any CPU
		{3472F897-C8F0-44B7-83D3-C3937C237743}.Debug|Any CPU.ActiveCfg = Debug|Any CPU
		{3472F897-C8F0-44B7-83D3-C3937C237743}.Debug|Any CPU.Build.0 = Debug|Any CPU
		{3472F897-C8F0-44B7-83D3-C3937C237743}.Release|Any CPU.ActiveCfg = Release|Any CPU
		{3472F897-C8F0-44B7-83D3-C3937C237743}.Release|Any CPU.Build.0 = Release|Any CPU
		{BB628637-9227-42FA-92C4-3897219DB527}.Debug|Any CPU.ActiveCfg = Debug|Any CPU
		{BB628637-9227-42FA-92C4-3897219DB527}.Debug|Any CPU.Build.0 = Debug|Any CPU
		{BB628637-9227-42FA-92C4-3897219DB527}.Release|Any CPU.ActiveCfg = Release|Any CPU
		{BB628637-9227-42FA-92C4-3897219DB527}.Release|Any CPU.Build.0 = Release|Any CPU
	EndGlobalSection
	GlobalSection(SolutionProperties) = preSolution
		HideSolutionNode = FALSE
	EndGlobalSection
	GlobalSection(ExtensibilityGlobals) = postSolution
		SolutionGuid = {C10F6670-A720-423B-A596-FC17E7606124}
	EndGlobalSection
EndGlobal
